
Microsoft Visual Studio Solution File, Format Version 12.00
# Visual Studio Version 17
VisualStudioVersion = 17.0.31912.275
MinimumVisualStudioVersion = 10.0.40219.1
Project("{9A19103F-16F7-4668-BE54-9A1E7A4F7556}") = "CareerSite.Core", "CareerSite.Core\CareerSite.Core.csproj", "{6BF4B3C7-17A2-4D4A-B6F7-9B9E6E03DAD7}"
EndProject
Project("{9A19103F-16F7-4668-BE54-9A1E7A4F7556}") = "CareerSite.Entities", "CareerSite.Entities\CareerSite.Entities.csproj", "{3C44FE1E-B037-497C-9892-1695F6D11939}"
EndProject
Project("{9A19103F-16F7-4668-BE54-9A1E7A4F7556}") = "CareerSite.Business", "CareerSite.Business\CareerSite.Business.csproj", "{CEFEEE59-F070-4573-A665-D919CE0353D8}"
EndProject
Project("{9A19103F-16F7-4668-BE54-9A1E7A4F7556}") = "CareerSite.MvcWebUI", "CareerSite.MvcWebUI\CareerSite.MvcWebUI.csproj", "{BAE48C60-D4F8-4E20-913B-0B7FCA4EE216}"
EndProject
Global
	GlobalSection(SolutionConfigurationPlatforms) = preSolution
		Debug|Any CPU = Debug|Any CPU
		Release|Any CPU = Release|Any CPU
	EndGlobalSection
	GlobalSection(ProjectConfigurationPlatforms) = postSolution
		{6BF4B3C7-17A2-4D4A-B6F7-9B9E6E03DAD7}.Debug|Any CPU.ActiveCfg = Debug|Any CPU
		{6BF4B3C7-17A2-4D4A-B6F7-9B9E6E03DAD7}.Debug|Any CPU.Build.0 = Debug|Any CPU
		{6BF4B3C7-17A2-4D4A-B6F7-9B9E6E03DAD7}.Release|Any CPU.ActiveCfg = Release|Any CPU
		{6BF4B3C7-17A2-4D4A-B6F7-9B9E6E03DAD7}.Release|Any CPU.Build.0 = Release|Any CPU
		{3C44FE1E-B037-497C-9892-1695F6D11939}.Debug|Any CPU.ActiveCfg = Debug|Any CPU
		{3C44FE1E-B037-497C-9892-1695F6D11939}.Debug|Any CPU.Build.0 = Debug|Any CPU
		{3C44FE1E-B037-497C-9892-1695F6D11939}.Release|Any CPU.ActiveCfg = Release|Any CPU
		{3C44FE1E-B037-497C-9892-1695F6D11939}.Release|Any CPU.Build.0 = Release|Any CPU
		{CEFEEE59-F070-4573-A665-D919CE0353D8}.Debug|Any CPU.ActiveCfg = Debug|Any CPU
		{CEFEEE59-F070-4573-A665-D919CE0353D8}.Debug|Any CPU.Build.0 = Debug|Any CPU
		{CEFEEE59-F070-4573-A665-D919CE0353D8}.Release|Any CPU.ActiveCfg = Release|Any CPU
		{CEFEEE59-F070-4573-A665-D919CE0353D8}.Release|Any CPU.Build.0 = Release|Any CPU
		{BAE48C60-D4F8-4E20-913B-0B7FCA4EE216}.Debug|Any CPU.ActiveCfg = Debug|Any CPU
		{BAE48C60-D4F8-4E20-913B-0B7FCA4EE216}.Debug|Any CPU.Build.0 = Debug|Any CPU
		{BAE48C60-D4F8-4E20-913B-0B7FCA4EE216}.Release|Any CPU.ActiveCfg = Release|Any CPU
		{BAE48C60-D4F8-4E20-913B-0B7FCA4EE216}.Release|Any CPU.Build.0 = Release|Any CPU
	EndGlobalSection
	GlobalSection(SolutionProperties) = preSolution
		HideSolutionNode = FALSE
	EndGlobalSection
	GlobalSection(ExtensibilityGlobals) = postSolution
		SolutionGuid = {D3305E4E-274D-455D-8C81-A5A7D50FA035}
	EndGlobalSection
EndGlobal
